
Microsoft Visual Studio Solution File, Format Version 12.00
# Visual Studio 15
VisualStudioVersion = 15.0.27703.2042
MinimumVisualStudioVersion = 10.0.40219.1
Project("{FAE04EC0-301F-11D3-BF4B-00C04F79EFBC}") = "App", "ConsoleApp2\App.csproj", "{52AAA0B3-80E6-4B57-BEB6-D385D770AF3C}"
EndProject
Project("{FAE04EC0-301F-11D3-BF4B-00C04F79EFBC}") = "App_UnitTest", "UnitTestProject1\App_UnitTest.csproj", "{C830E01E-4609-45DF-AE4A-1CADD8C32200}"
EndProject
Global
	GlobalSection(SolutionConfigurationPlatforms) = preSolution
		Debug|Any CPU = Debug|Any CPU
		Release|Any CPU = Release|Any CPU
	EndGlobalSection
	GlobalSection(ProjectConfigurationPlatforms) = postSolution
		{52AAA0B3-80E6-4B57-BEB6-D385D770AF3C}.Debug|Any CPU.ActiveCfg = Debug|Any CPU
		{52AAA0B3-80E6-4B57-BEB6-D385D770AF3C}.Debug|Any CPU.Build.0 = Debug|Any CPU
		{52AAA0B3-80E6-4B57-BEB6-D385D770AF3C}.Release|Any CPU.ActiveCfg = Release|Any CPU
		{52AAA0B3-80E6-4B57-BEB6-D385D770AF3C}.Release|Any CPU.Build.0 = Release|Any CPU
		{C830E01E-4609-45DF-AE4A-1CADD8C32200}.Debug|Any CPU.ActiveCfg = Debug|Any CPU
		{C830E01E-4609-45DF-AE4A-1CADD8C32200}.Debug|Any CPU.Build.0 = Debug|Any CPU
		{C830E01E-4609-45DF-AE4A-1CADD8C32200}.Release|Any CPU.ActiveCfg = Release|Any CPU
		{C830E01E-4609-45DF-AE4A-1CADD8C32200}.Release|Any CPU.Build.0 = Release|Any CPU
	EndGlobalSection
	GlobalSection(SolutionProperties) = preSolution
		HideSolutionNode = FALSE
	EndGlobalSection
	GlobalSection(ExtensibilityGlobals) = postSolution
		SolutionGuid = {DBA61AF7-A5D2-42E2-887D-BB40A6F162B7}
	EndGlobalSection
EndGlobal
